
Microsoft Visual Studio Solution File, Format Version 12.00
# Visual Studio Version 16
VisualStudioVersion = 16.0.30907.101
MinimumVisualStudioVersion = 10.0.40219.1
Project("{FAE04EC0-301F-11D3-BF4B-00C04F79EFBC}") = "Connect4", "Connect4\Connect4.csproj", "{C31051B6-F3D2-4B4B-903D-BF2CCADED690}"
EndProject
Global
	GlobalSection(SolutionConfigurationPlatforms) = preSolution
		Debug|Any CPU = Debug|Any CPU
		Release|Any CPU = Release|Any CPU
	EndGlobalSection
	GlobalSection(ProjectConfigurationPlatforms) = postSolution
		{C31051B6-F3D2-4B4B-903D-BF2CCADED690}.Debug|Any CPU.ActiveCfg = Debug|Any CPU
		{C31051B6-F3D2-4B4B-903D-BF2CCADED690}.Debug|Any CPU.Build.0 = Debug|Any CPU
		{C31051B6-F3D2-4B4B-903D-BF2CCADED690}.Release|Any CPU.ActiveCfg = Release|Any CPU
		{C31051B6-F3D2-4B4B-903D-BF2CCADED690}.Release|Any CPU.Build.0 = Release|Any CPU
	EndGlobalSection
	GlobalSection(SolutionProperties) = preSolution
		HideSolutionNode = FALSE
	EndGlobalSection
	GlobalSection(ExtensibilityGlobals) = postSolution
		SolutionGuid = {D6B3AC80-6402-474A-8083-72C625BCA941}
	EndGlobalSection
EndGlobal
